
Microsoft Visual Studio Solution File, Format Version 12.00
# Visual Studio Version 16
VisualStudioVersion = 16.0.29306.81
MinimumVisualStudioVersion = 10.0.40219.1
Project("{FAE04EC0-301F-11D3-BF4B-00C04F79EFBC}") = "FamilyBudgetReport", "FamilyBudgetReport\FamilyBudgetReport.csproj", "{70ED0CC6-BEB5-40CB-94CE-3FF7C5109FAE}"
EndProject
Global
	GlobalSection(SolutionConfigurationPlatforms) = preSolution
		Debug|Any CPU = Debug|Any CPU
		Release|Any CPU = Release|Any CPU
	EndGlobalSection
	GlobalSection(ProjectConfigurationPlatforms) = postSolution
		{70ED0CC6-BEB5-40CB-94CE-3FF7C5109FAE}.Debug|Any CPU.ActiveCfg = Debug|Any CPU
		{70ED0CC6-BEB5-40CB-94CE-3FF7C5109FAE}.Debug|Any CPU.Build.0 = Debug|Any CPU
		{70ED0CC6-BEB5-40CB-94CE-3FF7C5109FAE}.Release|Any CPU.ActiveCfg = Release|Any CPU
		{70ED0CC6-BEB5-40CB-94CE-3FF7C5109FAE}.Release|Any CPU.Build.0 = Release|Any CPU
	EndGlobalSection
	GlobalSection(SolutionProperties) = preSolution
		HideSolutionNode = FALSE
	EndGlobalSection
	GlobalSection(ExtensibilityGlobals) = postSolution
		SolutionGuid = {A6FC0C91-CAC7-4284-ADD4-A42C5470E349}
	EndGlobalSection
EndGlobal
