
Microsoft Visual Studio Solution File, Format Version 12.00
# Visual Studio Version 16
VisualStudioVersion = 16.0.29201.188
MinimumVisualStudioVersion = 10.0.40219.1
Project("{FAE04EC0-301F-11D3-BF4B-00C04F79EFBC}") = "MyFirstConsoleApp", "MyFirstConsoleApp\MyFirstConsoleApp.csproj", "{BC4AC1FD-8854-4DAC-A35E-CC75D0EB5186}"
EndProject
Project("{FAE04EC0-301F-11D3-BF4B-00C04F79EFBC}") = "WindowsFormsApp1", "WindowsFormsApp1\WindowsFormsApp1.csproj", "{A2BD71F6-8A7F-4C7B-8E10-60C8D8D141AB}"
EndProject
Global
	GlobalSection(SolutionConfigurationPlatforms) = preSolution
		Debug|Any CPU = Debug|Any CPU
		Release|Any CPU = Release|Any CPU
	EndGlobalSection
	GlobalSection(ProjectConfigurationPlatforms) = postSolution
		{BC4AC1FD-8854-4DAC-A35E-CC75D0EB5186}.Debug|Any CPU.ActiveCfg = Debug|Any CPU
		{BC4AC1FD-8854-4DAC-A35E-CC75D0EB5186}.Debug|Any CPU.Build.0 = Debug|Any CPU
		{BC4AC1FD-8854-4DAC-A35E-CC75D0EB5186}.Release|Any CPU.ActiveCfg = Release|Any CPU
		{BC4AC1FD-8854-4DAC-A35E-CC75D0EB5186}.Release|Any CPU.Build.0 = Release|Any CPU
		{A2BD71F6-8A7F-4C7B-8E10-60C8D8D141AB}.Debug|Any CPU.ActiveCfg = Debug|Any CPU
		{A2BD71F6-8A7F-4C7B-8E10-60C8D8D141AB}.Debug|Any CPU.Build.0 = Debug|Any CPU
		{A2BD71F6-8A7F-4C7B-8E10-60C8D8D141AB}.Release|Any CPU.ActiveCfg = Release|Any CPU
		{A2BD71F6-8A7F-4C7B-8E10-60C8D8D141AB}.Release|Any CPU.Build.0 = Release|Any CPU
	EndGlobalSection
	GlobalSection(SolutionProperties) = preSolution
		HideSolutionNode = FALSE
	EndGlobalSection
	GlobalSection(ExtensibilityGlobals) = postSolution
		SolutionGuid = {3C73FD68-3620-4AFC-BCEF-2BFCAF1CF878}
	EndGlobalSection
EndGlobal
