
Microsoft Visual Studio Solution File, Format Version 12.00
# Visual Studio Version 16
VisualStudioVersion = 16.0.29306.81
MinimumVisualStudioVersion = 10.0.40219.1
Project("{FAE04EC0-301F-11D3-BF4B-00C04F79EFBC}") = "optional arguments", "optional arguments\optional arguments.csproj", "{4817C621-0FA0-41BF-951C-38D5F2E9EB05}"
EndProject
Global
	GlobalSection(SolutionConfigurationPlatforms) = preSolution
		Debug|Any CPU = Debug|Any CPU
		Release|Any CPU = Release|Any CPU
	EndGlobalSection
	GlobalSection(ProjectConfigurationPlatforms) = postSolution
		{4817C621-0FA0-41BF-951C-38D5F2E9EB05}.Debug|Any CPU.ActiveCfg = Debug|Any CPU
		{4817C621-0FA0-41BF-951C-38D5F2E9EB05}.Debug|Any CPU.Build.0 = Debug|Any CPU
		{4817C621-0FA0-41BF-951C-38D5F2E9EB05}.Release|Any CPU.ActiveCfg = Release|Any CPU
		{4817C621-0FA0-41BF-951C-38D5F2E9EB05}.Release|Any CPU.Build.0 = Release|Any CPU
	EndGlobalSection
	GlobalSection(SolutionProperties) = preSolution
		HideSolutionNode = FALSE
	EndGlobalSection
	GlobalSection(ExtensibilityGlobals) = postSolution
		SolutionGuid = {BBF9A12F-1E6D-4AA8-BAFA-BE05A95B4C82}
	EndGlobalSection
EndGlobal
