
Microsoft Visual Studio Solution File, Format Version 12.00
# Visual Studio Version 16
VisualStudioVersion = 16.0.29201.188
MinimumVisualStudioVersion = 10.0.40219.1
Project("{FAE04EC0-301F-11D3-BF4B-00C04F79EFBC}") = "Строковые литералы", "Строковые литералы\Строковые литералы.csproj", "{C77927C4-6AB1-4AE2-913E-213C034B7BEF}"
EndProject
Global
	GlobalSection(SolutionConfigurationPlatforms) = preSolution
		Debug|Any CPU = Debug|Any CPU
		Release|Any CPU = Release|Any CPU
	EndGlobalSection
	GlobalSection(ProjectConfigurationPlatforms) = postSolution
		{C77927C4-6AB1-4AE2-913E-213C034B7BEF}.Debug|Any CPU.ActiveCfg = Debug|Any CPU
		{C77927C4-6AB1-4AE2-913E-213C034B7BEF}.Debug|Any CPU.Build.0 = Debug|Any CPU
		{C77927C4-6AB1-4AE2-913E-213C034B7BEF}.Release|Any CPU.ActiveCfg = Release|Any CPU
		{C77927C4-6AB1-4AE2-913E-213C034B7BEF}.Release|Any CPU.Build.0 = Release|Any CPU
	EndGlobalSection
	GlobalSection(SolutionProperties) = preSolution
		HideSolutionNode = FALSE
	EndGlobalSection
	GlobalSection(ExtensibilityGlobals) = postSolution
		SolutionGuid = {4160A118-EB2C-42A9-BB60-C0D68AE1FBB8}
	EndGlobalSection
EndGlobal
