
Microsoft Visual Studio Solution File, Format Version 12.00
# Visual Studio Version 16
VisualStudioVersion = 16.0.29306.81
MinimumVisualStudioVersion = 10.0.40219.1
Project("{FAE04EC0-301F-11D3-BF4B-00C04F79EFBC}") = "params1", "params1\params1.csproj", "{97125563-A93F-43B1-9ED9-6A18315F4D2E}"
EndProject
Global
	GlobalSection(SolutionConfigurationPlatforms) = preSolution
		Debug|Any CPU = Debug|Any CPU
		Release|Any CPU = Release|Any CPU
	EndGlobalSection
	GlobalSection(ProjectConfigurationPlatforms) = postSolution
		{97125563-A93F-43B1-9ED9-6A18315F4D2E}.Debug|Any CPU.ActiveCfg = Debug|Any CPU
		{97125563-A93F-43B1-9ED9-6A18315F4D2E}.Debug|Any CPU.Build.0 = Debug|Any CPU
		{97125563-A93F-43B1-9ED9-6A18315F4D2E}.Release|Any CPU.ActiveCfg = Release|Any CPU
		{97125563-A93F-43B1-9ED9-6A18315F4D2E}.Release|Any CPU.Build.0 = Release|Any CPU
	EndGlobalSection
	GlobalSection(SolutionProperties) = preSolution
		HideSolutionNode = FALSE
	EndGlobalSection
	GlobalSection(ExtensibilityGlobals) = postSolution
		SolutionGuid = {2759547B-39E9-4AC8-BA4F-660FAAD46149}
	EndGlobalSection
EndGlobal
