
Microsoft Visual Studio Solution File, Format Version 12.00
# Visual Studio Version 16
VisualStudioVersion = 16.0.29306.81
MinimumVisualStudioVersion = 10.0.40219.1
Project("{FAE04EC0-301F-11D3-BF4B-00C04F79EFBC}") = "new_practice 3.10", "new_practice 3.10\new_practice 3.10.csproj", "{9AD736B4-24E7-4831-ABDB-502C0896F121}"
EndProject
Global
	GlobalSection(SolutionConfigurationPlatforms) = preSolution
		Debug|Any CPU = Debug|Any CPU
		Release|Any CPU = Release|Any CPU
	EndGlobalSection
	GlobalSection(ProjectConfigurationPlatforms) = postSolution
		{9AD736B4-24E7-4831-ABDB-502C0896F121}.Debug|Any CPU.ActiveCfg = Debug|Any CPU
		{9AD736B4-24E7-4831-ABDB-502C0896F121}.Debug|Any CPU.Build.0 = Debug|Any CPU
		{9AD736B4-24E7-4831-ABDB-502C0896F121}.Release|Any CPU.ActiveCfg = Release|Any CPU
		{9AD736B4-24E7-4831-ABDB-502C0896F121}.Release|Any CPU.Build.0 = Release|Any CPU
	EndGlobalSection
	GlobalSection(SolutionProperties) = preSolution
		HideSolutionNode = FALSE
	EndGlobalSection
	GlobalSection(ExtensibilityGlobals) = postSolution
		SolutionGuid = {2E78B705-8C86-40A1-A6E3-D7D266DDB913}
	EndGlobalSection
EndGlobal
