
Microsoft Visual Studio Solution File, Format Version 12.00
# Visual Studio Version 16
VisualStudioVersion = 16.0.29306.81
MinimumVisualStudioVersion = 10.0.40219.1
Project("{FAE04EC0-301F-11D3-BF4B-00C04F79EFBC}") = "static_class", "static_class\static_class.csproj", "{A9865AAE-C812-4A42-820F-EE14470072FC}"
EndProject
Global
	GlobalSection(SolutionConfigurationPlatforms) = preSolution
		Debug|Any CPU = Debug|Any CPU
		Release|Any CPU = Release|Any CPU
	EndGlobalSection
	GlobalSection(ProjectConfigurationPlatforms) = postSolution
		{A9865AAE-C812-4A42-820F-EE14470072FC}.Debug|Any CPU.ActiveCfg = Debug|Any CPU
		{A9865AAE-C812-4A42-820F-EE14470072FC}.Debug|Any CPU.Build.0 = Debug|Any CPU
		{A9865AAE-C812-4A42-820F-EE14470072FC}.Release|Any CPU.ActiveCfg = Release|Any CPU
		{A9865AAE-C812-4A42-820F-EE14470072FC}.Release|Any CPU.Build.0 = Release|Any CPU
	EndGlobalSection
	GlobalSection(SolutionProperties) = preSolution
		HideSolutionNode = FALSE
	EndGlobalSection
	GlobalSection(ExtensibilityGlobals) = postSolution
		SolutionGuid = {E792A185-1F1D-4ED5-9057-869C320A1658}
	EndGlobalSection
EndGlobal
