
Microsoft Visual Studio Solution File, Format Version 12.00
# Visual Studio Version 16
VisualStudioVersion = 16.0.29306.81
MinimumVisualStudioVersion = 10.0.40219.1
Project("{FAE04EC0-301F-11D3-BF4B-00C04F79EFBC}") = "home10_19_09", "home10_19_09\home10_19_09.csproj", "{8D9458A7-7DDB-4954-BB7E-D604064D4FA0}"
EndProject
Global
	GlobalSection(SolutionConfigurationPlatforms) = preSolution
		Debug|Any CPU = Debug|Any CPU
		Release|Any CPU = Release|Any CPU
	EndGlobalSection
	GlobalSection(ProjectConfigurationPlatforms) = postSolution
		{8D9458A7-7DDB-4954-BB7E-D604064D4FA0}.Debug|Any CPU.ActiveCfg = Debug|Any CPU
		{8D9458A7-7DDB-4954-BB7E-D604064D4FA0}.Debug|Any CPU.Build.0 = Debug|Any CPU
		{8D9458A7-7DDB-4954-BB7E-D604064D4FA0}.Release|Any CPU.ActiveCfg = Release|Any CPU
		{8D9458A7-7DDB-4954-BB7E-D604064D4FA0}.Release|Any CPU.Build.0 = Release|Any CPU
	EndGlobalSection
	GlobalSection(SolutionProperties) = preSolution
		HideSolutionNode = FALSE
	EndGlobalSection
	GlobalSection(ExtensibilityGlobals) = postSolution
		SolutionGuid = {4AF8D09F-EA79-4FEF-9B91-01BF71D4D9CD}
	EndGlobalSection
EndGlobal
