
Microsoft Visual Studio Solution File, Format Version 12.00
# Visual Studio Version 16
VisualStudioVersion = 16.0.29306.81
MinimumVisualStudioVersion = 10.0.40219.1
Project("{FAE04EC0-301F-11D3-BF4B-00C04F79EFBC}") = "home3_17_09", "home3_17_09\home3_17_09.csproj", "{0A9DEFC6-DA8B-4CEB-88F1-273D5323FF38}"
EndProject
Global
	GlobalSection(SolutionConfigurationPlatforms) = preSolution
		Debug|Any CPU = Debug|Any CPU
		Release|Any CPU = Release|Any CPU
	EndGlobalSection
	GlobalSection(ProjectConfigurationPlatforms) = postSolution
		{0A9DEFC6-DA8B-4CEB-88F1-273D5323FF38}.Debug|Any CPU.ActiveCfg = Debug|Any CPU
		{0A9DEFC6-DA8B-4CEB-88F1-273D5323FF38}.Debug|Any CPU.Build.0 = Debug|Any CPU
		{0A9DEFC6-DA8B-4CEB-88F1-273D5323FF38}.Release|Any CPU.ActiveCfg = Release|Any CPU
		{0A9DEFC6-DA8B-4CEB-88F1-273D5323FF38}.Release|Any CPU.Build.0 = Release|Any CPU
	EndGlobalSection
	GlobalSection(SolutionProperties) = preSolution
		HideSolutionNode = FALSE
	EndGlobalSection
	GlobalSection(ExtensibilityGlobals) = postSolution
		SolutionGuid = {B19C64D2-5E33-4FDF-9EFF-73F555FB1124}
	EndGlobalSection
EndGlobal
