
Microsoft Visual Studio Solution File, Format Version 12.00
# Visual Studio Version 16
VisualStudioVersion = 16.0.29306.81
MinimumVisualStudioVersion = 10.0.40219.1
Project("{FAE04EC0-301F-11D3-BF4B-00C04F79EFBC}") = "home6_18_09", "home6_18_09\home6_18_09.csproj", "{61AEA909-60E1-47D7-935E-B48189FFCF12}"
EndProject
Global
	GlobalSection(SolutionConfigurationPlatforms) = preSolution
		Debug|Any CPU = Debug|Any CPU
		Release|Any CPU = Release|Any CPU
	EndGlobalSection
	GlobalSection(ProjectConfigurationPlatforms) = postSolution
		{61AEA909-60E1-47D7-935E-B48189FFCF12}.Debug|Any CPU.ActiveCfg = Debug|Any CPU
		{61AEA909-60E1-47D7-935E-B48189FFCF12}.Debug|Any CPU.Build.0 = Debug|Any CPU
		{61AEA909-60E1-47D7-935E-B48189FFCF12}.Release|Any CPU.ActiveCfg = Release|Any CPU
		{61AEA909-60E1-47D7-935E-B48189FFCF12}.Release|Any CPU.Build.0 = Release|Any CPU
	EndGlobalSection
	GlobalSection(SolutionProperties) = preSolution
		HideSolutionNode = FALSE
	EndGlobalSection
	GlobalSection(ExtensibilityGlobals) = postSolution
		SolutionGuid = {9CB1633D-4EE9-4F79-AB07-A7FA88B5B04E}
	EndGlobalSection
EndGlobal
