
Microsoft Visual Studio Solution File, Format Version 12.00
# Visual Studio Version 16
VisualStudioVersion = 16.0.29306.81
MinimumVisualStudioVersion = 10.0.40219.1
Project("{FAE04EC0-301F-11D3-BF4B-00C04F79EFBC}") = "Two array", "Two array\Two array.csproj", "{E22A1CB6-FB3B-4D88-AD35-A09DAC1FA5D6}"
EndProject
Global
	GlobalSection(SolutionConfigurationPlatforms) = preSolution
		Debug|Any CPU = Debug|Any CPU
		Release|Any CPU = Release|Any CPU
	EndGlobalSection
	GlobalSection(ProjectConfigurationPlatforms) = postSolution
		{E22A1CB6-FB3B-4D88-AD35-A09DAC1FA5D6}.Debug|Any CPU.ActiveCfg = Debug|Any CPU
		{E22A1CB6-FB3B-4D88-AD35-A09DAC1FA5D6}.Debug|Any CPU.Build.0 = Debug|Any CPU
		{E22A1CB6-FB3B-4D88-AD35-A09DAC1FA5D6}.Release|Any CPU.ActiveCfg = Release|Any CPU
		{E22A1CB6-FB3B-4D88-AD35-A09DAC1FA5D6}.Release|Any CPU.Build.0 = Release|Any CPU
	EndGlobalSection
	GlobalSection(SolutionProperties) = preSolution
		HideSolutionNode = FALSE
	EndGlobalSection
	GlobalSection(ExtensibilityGlobals) = postSolution
		SolutionGuid = {0E1B0690-DF9D-4A6E-82C8-BCE47A103EF7}
	EndGlobalSection
EndGlobal
