
Microsoft Visual Studio Solution File, Format Version 12.00
# Visual Studio Version 16
VisualStudioVersion = 16.0.29201.188
MinimumVisualStudioVersion = 10.0.40219.1
Project("{FAE04EC0-301F-11D3-BF4B-00C04F79EFBC}") = "Вложенные операторы If", "Вложенные операторы If\Вложенные операторы If.csproj", "{B45DC40A-88F2-4549-91ED-1722115C6C8F}"
EndProject
Global
	GlobalSection(SolutionConfigurationPlatforms) = preSolution
		Debug|Any CPU = Debug|Any CPU
		Release|Any CPU = Release|Any CPU
	EndGlobalSection
	GlobalSection(ProjectConfigurationPlatforms) = postSolution
		{B45DC40A-88F2-4549-91ED-1722115C6C8F}.Debug|Any CPU.ActiveCfg = Debug|Any CPU
		{B45DC40A-88F2-4549-91ED-1722115C6C8F}.Debug|Any CPU.Build.0 = Debug|Any CPU
		{B45DC40A-88F2-4549-91ED-1722115C6C8F}.Release|Any CPU.ActiveCfg = Release|Any CPU
		{B45DC40A-88F2-4549-91ED-1722115C6C8F}.Release|Any CPU.Build.0 = Release|Any CPU
	EndGlobalSection
	GlobalSection(SolutionProperties) = preSolution
		HideSolutionNode = FALSE
	EndGlobalSection
	GlobalSection(ExtensibilityGlobals) = postSolution
		SolutionGuid = {7E469D37-7341-446D-8E6F-F8573E2878C3}
	EndGlobalSection
EndGlobal
