
Microsoft Visual Studio Solution File, Format Version 12.00
# Visual Studio Version 16
VisualStudioVersion = 16.0.29306.81
MinimumVisualStudioVersion = 10.0.40219.1
Project("{FAE04EC0-301F-11D3-BF4B-00C04F79EFBC}") = "OverLoad2", "OverLoad2\OverLoad2.csproj", "{7556DDD7-C109-462A-A16E-764335A1BA08}"
EndProject
Global
	GlobalSection(SolutionConfigurationPlatforms) = preSolution
		Debug|Any CPU = Debug|Any CPU
		Release|Any CPU = Release|Any CPU
	EndGlobalSection
	GlobalSection(ProjectConfigurationPlatforms) = postSolution
		{7556DDD7-C109-462A-A16E-764335A1BA08}.Debug|Any CPU.ActiveCfg = Debug|Any CPU
		{7556DDD7-C109-462A-A16E-764335A1BA08}.Debug|Any CPU.Build.0 = Debug|Any CPU
		{7556DDD7-C109-462A-A16E-764335A1BA08}.Release|Any CPU.ActiveCfg = Release|Any CPU
		{7556DDD7-C109-462A-A16E-764335A1BA08}.Release|Any CPU.Build.0 = Release|Any CPU
	EndGlobalSection
	GlobalSection(SolutionProperties) = preSolution
		HideSolutionNode = FALSE
	EndGlobalSection
	GlobalSection(ExtensibilityGlobals) = postSolution
		SolutionGuid = {B4164794-0EDE-4F0A-90C7-80544047FC8E}
	EndGlobalSection
EndGlobal
