
Microsoft Visual Studio Solution File, Format Version 12.00
# Visual Studio Version 16
VisualStudioVersion = 16.0.29201.188
MinimumVisualStudioVersion = 10.0.40219.1
Project("{FAE04EC0-301F-11D3-BF4B-00C04F79EFBC}") = "incremet_de", "incremet_de\incremet_de.csproj", "{F065968D-A26E-4F6C-BE3F-EDAF7E7B47BB}"
EndProject
Global
	GlobalSection(SolutionConfigurationPlatforms) = preSolution
		Debug|Any CPU = Debug|Any CPU
		Release|Any CPU = Release|Any CPU
	EndGlobalSection
	GlobalSection(ProjectConfigurationPlatforms) = postSolution
		{F065968D-A26E-4F6C-BE3F-EDAF7E7B47BB}.Debug|Any CPU.ActiveCfg = Debug|Any CPU
		{F065968D-A26E-4F6C-BE3F-EDAF7E7B47BB}.Debug|Any CPU.Build.0 = Debug|Any CPU
		{F065968D-A26E-4F6C-BE3F-EDAF7E7B47BB}.Release|Any CPU.ActiveCfg = Release|Any CPU
		{F065968D-A26E-4F6C-BE3F-EDAF7E7B47BB}.Release|Any CPU.Build.0 = Release|Any CPU
	EndGlobalSection
	GlobalSection(SolutionProperties) = preSolution
		HideSolutionNode = FALSE
	EndGlobalSection
	GlobalSection(ExtensibilityGlobals) = postSolution
		SolutionGuid = {1C3676D6-3F12-4D97-A6B6-9B4346E6DD12}
	EndGlobalSection
EndGlobal
