
Microsoft Visual Studio Solution File, Format Version 12.00
# Visual Studio Version 16
VisualStudioVersion = 16.0.29201.188
MinimumVisualStudioVersion = 10.0.40219.1
Project("{FAE04EC0-301F-11D3-BF4B-00C04F79EFBC}") = "BreakDemo", "BreakDemo\BreakDemo.csproj", "{3482DB3A-B528-4EC9-8351-1E6B5B783B6F}"
EndProject
Global
	GlobalSection(SolutionConfigurationPlatforms) = preSolution
		Debug|Any CPU = Debug|Any CPU
		Release|Any CPU = Release|Any CPU
	EndGlobalSection
	GlobalSection(ProjectConfigurationPlatforms) = postSolution
		{3482DB3A-B528-4EC9-8351-1E6B5B783B6F}.Debug|Any CPU.ActiveCfg = Debug|Any CPU
		{3482DB3A-B528-4EC9-8351-1E6B5B783B6F}.Debug|Any CPU.Build.0 = Debug|Any CPU
		{3482DB3A-B528-4EC9-8351-1E6B5B783B6F}.Release|Any CPU.ActiveCfg = Release|Any CPU
		{3482DB3A-B528-4EC9-8351-1E6B5B783B6F}.Release|Any CPU.Build.0 = Release|Any CPU
	EndGlobalSection
	GlobalSection(SolutionProperties) = preSolution
		HideSolutionNode = FALSE
	EndGlobalSection
	GlobalSection(ExtensibilityGlobals) = postSolution
		SolutionGuid = {D2DB8DC5-B247-4267-81C9-8DFBBF18D0F4}
	EndGlobalSection
EndGlobal
